Microsoft Visual Studio Solution File, Format Version 12.00
# Visual Studio Version 17
VisualStudioVersion = 17.0.31611.283
MinimumVisualStudioVersion = 10.0.40219.1
Project("{FAE04EC0-301F-11D3-BF4B-00C04F79EFBC}") = "SampleMauiApp", "..\SampleMauiApp\SampleMauiApp.csproj", "{205DB97B-0F03-472A-9C04-A49F73444348}"
EndProject
Global
	GlobalSection(SolutionConfigurationPlatforms) = preSolution
		Debug|Any CPU = Debug|Any CPU
		Release|Any CPU = Release|Any CPU
	EndGlobalSection
	GlobalSection(ProjectConfigurationPlatforms) = postSolution
		{205DB97B-0F03-472A-9C04-A49F73444348}.Debug|Any CPU.ActiveCfg = Debug|Any CPU
		{205DB97B-0F03-472A-9C04-A49F73444348}.Debug|Any CPU.Build.0 = Debug|Any CPU
		{205DB97B-0F03-472A-9C04-A49F73444348}.Debug|Any CPU.Deploy.0 = Debug|Any CPU
		{205DB97B-0F03-472A-9C04-A49F73444348}.Release|Any CPU.ActiveCfg = Release|Any CPU
		{205DB97B-0F03-472A-9C04-A49F73444348}.Release|Any CPU.Build.0 = Release|Any CPU
		{205DB97B-0F03-472A-9C04-A49F73444348}.Release|Any CPU.Deploy.0 = Release|Any CPU
	EndGlobalSection
	GlobalSection(SolutionProperties) = preSolution
		HideSolutionNode = FALSE
	EndGlobalSection
	GlobalSection(ExtensibilityGlobals) = postSolution
		        SolutionGuid = {61F7FB11-1E47-470C-91E2-47F8143E1572}
		SolutionGuid = {70E26A7F-8D87-445C-B93F-D670DDE39642}
	EndGlobalSection
EndGlobal
