
Microsoft Visual Studio Solution File, Format Version 12.00
# Visual Studio Version 17
VisualStudioVersion = 17.6.33815.320
MinimumVisualStudioVersion = 10.0.40219.1
Project("{FAE04EC0-301F-11D3-BF4B-00C04F79EFBC}") = "KeyVaultWebApp", "KeyVaultWebApp.csproj", "{7B493E35-1A68-4B68-AE3F-D5E3FBC7167A}"
EndProject
Global
	GlobalSection(SolutionConfigurationPlatforms) = preSolution
		Debug|Any CPU = Debug|Any CPU
		Release|Any CPU = Release|Any CPU
	EndGlobalSection
	GlobalSection(ProjectConfigurationPlatforms) = postSolution
		{7B493E35-1A68-4B68-AE3F-D5E3FBC7167A}.Debug|Any CPU.ActiveCfg = Debug|Any CPU
		{7B493E35-1A68-4B68-AE3F-D5E3FBC7167A}.Debug|Any CPU.Build.0 = Debug|Any CPU
		{7B493E35-1A68-4B68-AE3F-D5E3FBC7167A}.Release|Any CPU.ActiveCfg = Release|Any CPU
		{7B493E35-1A68-4B68-AE3F-D5E3FBC7167A}.Release|Any CPU.Build.0 = Release|Any CPU
	EndGlobalSection
	GlobalSection(SolutionProperties) = preSolution
		HideSolutionNode = FALSE
	EndGlobalSection
	GlobalSection(ExtensibilityGlobals) = postSolution
		SolutionGuid = {24AC664B-51D6-49D7-914F-712CE4059E8C}
	EndGlobalSection
EndGlobal
